
Microsoft Visual Studio Solution File, Format Version 12.00
# Visual Studio 15
VisualStudioVersion = 15.0.27703.2000
MinimumVisualStudioVersion = 10.0.40219.1
Project("{FAE04EC0-301F-11D3-BF4B-00C04F79EFBC}") = "Example", "Example\Example.csproj", "{D1FE48B2-7F02-423D-9474-00796C75C4C3}"
EndProject
Project("{2150E333-8FDC-42A3-9474-1A3956D46DE8}") = "Test", "Test", "{F815EBA8-F694-43BB-A5FA-7974CD928C4A}"
EndProject
Project("{FAE04EC0-301F-11D3-BF4B-00C04F79EFBC}") = "Example.Test", "Example.Test\Example.Test.csproj", "{747259DF-3CC6-4D8E-A759-5DCDE416AF7F}"
EndProject
Project("{2150E333-8FDC-42A3-9474-1A3956D46DE8}") = "Database", "Database", "{365E2862-E5F3-4AAC-8F8A-4D19CDD9BA69}"
EndProject
Project("{00D1A9C2-B5F0-4AF3-8072-F6C62B433612}") = "Exampe.Database", "Datadase\Exampe.Database\Exampe.Database.sqlproj", "{E663DE0D-249C-45B8-B7A4-FEA7C1C0354F}"
EndProject
Global
	GlobalSection(SolutionConfigurationPlatforms) = preSolution
		Debug|Any CPU = Debug|Any CPU
		Release|Any CPU = Release|Any CPU
	EndGlobalSection
	GlobalSection(ProjectConfigurationPlatforms) = postSolution
		{D1FE48B2-7F02-423D-9474-00796C75C4C3}.Debug|Any CPU.ActiveCfg = Debug|Any CPU
		{D1FE48B2-7F02-423D-9474-00796C75C4C3}.Debug|Any CPU.Build.0 = Debug|Any CPU
		{D1FE48B2-7F02-423D-9474-00796C75C4C3}.Release|Any CPU.ActiveCfg = Release|Any CPU
		{D1FE48B2-7F02-423D-9474-00796C75C4C3}.Release|Any CPU.Build.0 = Release|Any CPU
		{747259DF-3CC6-4D8E-A759-5DCDE416AF7F}.Debug|Any CPU.ActiveCfg = Debug|Any CPU
		{747259DF-3CC6-4D8E-A759-5DCDE416AF7F}.Debug|Any CPU.Build.0 = Debug|Any CPU
		{747259DF-3CC6-4D8E-A759-5DCDE416AF7F}.Release|Any CPU.ActiveCfg = Release|Any CPU
		{747259DF-3CC6-4D8E-A759-5DCDE416AF7F}.Release|Any CPU.Build.0 = Release|Any CPU
		{E663DE0D-249C-45B8-B7A4-FEA7C1C0354F}.Debug|Any CPU.ActiveCfg = Debug|Any CPU
		{E663DE0D-249C-45B8-B7A4-FEA7C1C0354F}.Debug|Any CPU.Build.0 = Debug|Any CPU
		{E663DE0D-249C-45B8-B7A4-FEA7C1C0354F}.Debug|Any CPU.Deploy.0 = Debug|Any CPU
		{E663DE0D-249C-45B8-B7A4-FEA7C1C0354F}.Release|Any CPU.ActiveCfg = Release|Any CPU
		{E663DE0D-249C-45B8-B7A4-FEA7C1C0354F}.Release|Any CPU.Build.0 = Release|Any CPU
		{E663DE0D-249C-45B8-B7A4-FEA7C1C0354F}.Release|Any CPU.Deploy.0 = Release|Any CPU
	EndGlobalSection
	GlobalSection(SolutionProperties) = preSolution
		HideSolutionNode = FALSE
	EndGlobalSection
	GlobalSection(NestedProjects) = preSolution
		{747259DF-3CC6-4D8E-A759-5DCDE416AF7F} = {F815EBA8-F694-43BB-A5FA-7974CD928C4A}
		{E663DE0D-249C-45B8-B7A4-FEA7C1C0354F} = {365E2862-E5F3-4AAC-8F8A-4D19CDD9BA69}
	EndGlobalSection
	GlobalSection(ExtensibilityGlobals) = postSolution
		SolutionGuid = {3F6D3083-98E9-4799-B3BA-2A433E7D9AE4}
	EndGlobalSection
EndGlobal
